
Microsoft Visual Studio Solution File, Format Version 12.00
# Visual Studio Version 18
VisualStudioVersion = 18.3.11520.95 d18.3
MinimumVisualStudioVersion = 10.0.40219.1
Project("{2150E333-8FDC-42A3-9474-1A3956D46DE8}") = "services", "services", "{5854FF58-B8C5-05C6-5BF2-ACE42193F22B}"
EndProject
Project("{2150E333-8FDC-42A3-9474-1A3956D46DE8}") = "api", "api", "{EDCCA0DF-5DC8-2F8D-5811-C9DAF15915A4}"
EndProject
Project("{FAE04EC0-301F-11D3-BF4B-00C04F79EFBC}") = "MatchEngine.Api", "services\api\MatchEngine.Api\MatchEngine.Api.csproj", "{E86A0970-ED1B-4B68-820D-D3B6567022E0}"
EndProject
Project("{2150E333-8FDC-42A3-9474-1A3956D46DE8}") = "workers", "workers", "{17B22969-017F-EEEB-F302-67DE99D17E4C}"
EndProject
Project("{FAE04EC0-301F-11D3-BF4B-00C04F79EFBC}") = "Resume.Worker", "services\workers\Resume.Worker\Resume.Worker.csproj", "{B577B0D4-25D1-4C24-9FDB-8C6C43DC4FB4}"
EndProject
Project("{2150E333-8FDC-42A3-9474-1A3956D46DE8}") = "shared", "shared", "{4F52FD11-658E-A102-6CD3-7D7C16FFA15B}"
EndProject
Project("{FAE04EC0-301F-11D3-BF4B-00C04F79EFBC}") = "Resume.Shared", "shared\Resume.Shared\Resume.Shared.csproj", "{F9FC3260-E4ED-4EF8-B3FD-52D38ACFEC93}"
EndProject
Global
	GlobalSection(SolutionConfigurationPlatforms) = preSolution
		Debug|Any CPU = Debug|Any CPU
		Debug|x64 = Debug|x64
		Debug|x86 = Debug|x86
		Release|Any CPU = Release|Any CPU
		Release|x64 = Release|x64
		Release|x86 = Release|x86
	EndGlobalSection
	GlobalSection(ProjectConfigurationPlatforms) = postSolution
		{E86A0970-ED1B-4B68-820D-D3B6567022E0}.Debug|Any CPU.ActiveCfg = Debug|Any CPU
		{E86A0970-ED1B-4B68-820D-D3B6567022E0}.Debug|Any CPU.Build.0 = Debug|Any CPU
		{E86A0970-ED1B-4B68-820D-D3B6567022E0}.Debug|x64.ActiveCfg = Debug|Any CPU
		{E86A0970-ED1B-4B68-820D-D3B6567022E0}.Debug|x64.Build.0 = Debug|Any CPU
		{E86A0970-ED1B-4B68-820D-D3B6567022E0}.Debug|x86.ActiveCfg = Debug|Any CPU
		{E86A0970-ED1B-4B68-820D-D3B6567022E0}.Debug|x86.Build.0 = Debug|Any CPU
		{E86A0970-ED1B-4B68-820D-D3B6567022E0}.Release|Any CPU.ActiveCfg = Release|Any CPU
		{E86A0970-ED1B-4B68-820D-D3B6567022E0}.Release|Any CPU.Build.0 = Release|Any CPU
		{E86A0970-ED1B-4B68-820D-D3B6567022E0}.Release|x64.ActiveCfg = Release|Any CPU
		{E86A0970-ED1B-4B68-820D-D3B6567022E0}.Release|x64.Build.0 = Release|Any CPU
		{E86A0970-ED1B-4B68-820D-D3B6567022E0}.Release|x86.ActiveCfg = Release|Any CPU
		{E86A0970-ED1B-4B68-820D-D3B6567022E0}.Release|x86.Build.0 = Release|Any CPU
		{B577B0D4-25D1-4C24-9FDB-8C6C43DC4FB4}.Debug|Any CPU.ActiveCfg = Debug|Any CPU
		{B577B0D4-25D1-4C24-9FDB-8C6C43DC4FB4}.Debug|Any CPU.Build.0 = Debug|Any CPU
		{B577B0D4-25D1-4C24-9FDB-8C6C43DC4FB4}.Debug|x64.ActiveCfg = Debug|Any CPU
		{B577B0D4-25D1-4C24-9FDB-8C6C43DC4FB4}.Debug|x64.Build.0 = Debug|Any CPU
		{B577B0D4-25D1-4C24-9FDB-8C6C43DC4FB4}.Debug|x86.ActiveCfg = Debug|Any CPU
		{B577B0D4-25D1-4C24-9FDB-8C6C43DC4FB4}.Debug|x86.Build.0 = Debug|Any CPU
		{B577B0D4-25D1-4C24-9FDB-8C6C43DC4FB4}.Release|Any CPU.ActiveCfg = Release|Any CPU
		{B577B0D4-25D1-4C24-9FDB-8C6C43DC4FB4}.Release|Any CPU.Build.0 = Release|Any CPU
		{B577B0D4-25D1-4C24-9FDB-8C6C43DC4FB4}.Release|x64.ActiveCfg = Release|Any CPU
		{B577B0D4-25D1-4C24-9FDB-8C6C43DC4FB4}.Release|x64.Build.0 = Release|Any CPU
		{B577B0D4-25D1-4C24-9FDB-8C6C43DC4FB4}.Release|x86.ActiveCfg = Release|Any CPU
		{B577B0D4-25D1-4C24-9FDB-8C6C43DC4FB4}.Release|x86.Build.0 = Release|Any CPU
		{F9FC3260-E4ED-4EF8-B3FD-52D38ACFEC93}.Debug|Any CPU.ActiveCfg = Debug|Any CPU
		{F9FC3260-E4ED-4EF8-B3FD-52D38ACFEC93}.Debug|Any CPU.Build.0 = Debug|Any CPU
		{F9FC3260-E4ED-4EF8-B3FD-52D38ACFEC93}.Debug|x64.ActiveCfg = Debug|Any CPU
		{F9FC3260-E4ED-4EF8-B3FD-52D38ACFEC93}.Debug|x64.Build.0 = Debug|Any CPU
		{F9FC3260-E4ED-4EF8-B3FD-52D38ACFEC93}.Debug|x86.ActiveCfg = Debug|Any CPU
		{F9FC3260-E4ED-4EF8-B3FD-52D38ACFEC93}.Debug|x86.Build.0 = Debug|Any CPU
		{F9FC3260-E4ED-4EF8-B3FD-52D38ACFEC93}.Release|Any CPU.ActiveCfg = Release|Any CPU
		{F9FC3260-E4ED-4EF8-B3FD-52D38ACFEC93}.Release|Any CPU.Build.0 = Release|Any CPU
		{F9FC3260-E4ED-4EF8-B3FD-52D38ACFEC93}.Release|x64.ActiveCfg = Release|Any CPU
		{F9FC3260-E4ED-4EF8-B3FD-52D38ACFEC93}.Release|x64.Build.0 = Release|Any CPU
		{F9FC3260-E4ED-4EF8-B3FD-52D38ACFEC93}.Release|x86.ActiveCfg = Release|Any CPU
		{F9FC3260-E4ED-4EF8-B3FD-52D38ACFEC93}.Release|x86.Build.0 = Release|Any CPU
	EndGlobalSection
	GlobalSection(SolutionProperties) = preSolution
		HideSolutionNode = FALSE
	EndGlobalSection
	GlobalSection(NestedProjects) = preSolution
		{EDCCA0DF-5DC8-2F8D-5811-C9DAF15915A4} = {5854FF58-B8C5-05C6-5BF2-ACE42193F22B}
		{E86A0970-ED1B-4B68-820D-D3B6567022E0} = {EDCCA0DF-5DC8-2F8D-5811-C9DAF15915A4}
		{17B22969-017F-EEEB-F302-67DE99D17E4C} = {5854FF58-B8C5-05C6-5BF2-ACE42193F22B}
		{B577B0D4-25D1-4C24-9FDB-8C6C43DC4FB4} = {17B22969-017F-EEEB-F302-67DE99D17E4C}
		{F9FC3260-E4ED-4EF8-B3FD-52D38ACFEC93} = {4F52FD11-658E-A102-6CD3-7D7C16FFA15B}
	EndGlobalSection
	GlobalSection(ExtensibilityGlobals) = postSolution
		SolutionGuid = {FACFC66E-CD72-4F90-890E-B92CFB16ABBD}
	EndGlobalSection
EndGlobal
